{
  "object": {
    "pins": [
      {
        "package": "CwlCatchException",
        "repositoryURL": "https://github.com/mattgallagher/CwlCatchException.git",
        "state": {
          "branch": null,
          "revision": "3ef6999c73b6938cc0da422f2c912d0158abb0a0",
          "version": "2.2.0"
        }
      },
      {
        "package": "CwlPreconditionTesting",
        "repositoryURL": "https://github.com/mattgallagher/CwlPreconditionTesting.git",
        "state": {
          "branch": null,
          "revision": "2ef56b2caf25f55fa7eef8784c30d5a767550f54",
          "version": "2.2.1"
        }
      },
      {
        "package": "Nimble",
        "repositoryURL": "https://github.com/Quick/Nimble",
        "state": {
          "branch": null,
          "revision": "1c49fc1243018f81a7ea99cb5e0985b00096e9f4",
          "version": "13.3.0"
        }
      },
      {
        "package": "Quick",
        "repositoryURL": "https://github.com/Quick/Quick",
        "state": {
          "branch": null,
          "revision": "a5b8295dfe6a499cb6caaa7126f074039b0a75d7",
          "version": "7.6.1"
        }
      },
      {
        "package": "swift-algorithms",
        "repositoryURL": "https://github.com/apple/swift-algorithms.git",
        "state": {
          "branch": null,
          "revision": "f6919dfc309e7f1b56224378b11e28bab5bccc42",
          "version": "1.2.0"
        }
      },
      {
        "package": "swift-argument-parser",
        "repositoryURL": "https://github.com/apple/swift-argument-parser.git",
        "state": {
          "branch": null,
          "revision": "41982a3656a71c768319979febd796c6fd111d5c",
          "version": "1.5.0"
        }
      },
      {
        "package": "swift-numerics",
        "repositoryURL": "https://github.com/apple/swift-numerics.git",
        "state": {
          "branch": null,
          "revision": "0a5bc04095a675662cf24757cc0640aa2204253b",
          "version": "1.0.2"
        }
      }
    ]
  },
  "version": 1
}
